// !$*UTF8*$!
{
	archiveVersion = 1;
	classes = {
	};
	objectVersion = 46;
	objects = {

/* Begin PBXBuildFile section */
		18B4EC761F80CA1700D1EA58 /* AppDelegate.swift in Sources */ = {isa = PBXBuildFile; fileRef = 18B4EC751F80CA1700D1EA58 /* AppDelegate.swift */; };
		18B4EC781F80CA1700D1EA58 /* ViewController.swift in Sources */ = {isa = PBXBuildFile; fileRef = 18B4EC771F80CA1700D1EA58 /* ViewController.swift */; };
		18B4EC7A1F80CA1700D1EA58 /* Assets.xcassets in Resources */ = {isa = PBXBuildFile; fileRef = 18B4EC791F80CA1700D1EA58 /* Assets.xcassets */; };
		18B4EC7D1F80CA1700D1EA58 /* Main.storyboard in Resources */ = {isa = PBXBuildFile; fileRef = 18B4EC7B1F80CA1700D1EA58 /* Main.storyboard */; };
/* End PBXBuildFile section */

/* Begin PBXFileReference section */
		18B4EC721F80CA1700D1EA58 /* BrowserOSx.app */ = {isa = PBXFileReference; explicitFileType = wrapper.application; includeInIndex = 0; path = BrowserOSx.app; sourceTree = BUILT_PRODUCTS_DIR; };
		18B4EC751F80CA1700D1EA58 /* AppDelegate.swift */ = {isa = PBXFileReference; lastKnownFileType = sourcecode.swift; path = AppDelegate.swift; sourceTree = "<group>"; };
		18B4EC771F80CA1700D1EA58 /* ViewController.swift */ = {isa = PBXFileReference; lastKnownFileType = sourcecode.swift; path = ViewController.swift; sourceTree = "<group>"; };
		18B4EC791F80CA1700D1EA58 /* Assets.xcassets */ = {isa = PBXFileReference; lastKnownFileType = folder.assetcatalog; path = Assets.xcassets; sourceTree = "<group>"; };
		18B4EC7C1F80CA1700D1EA58 /* Base */ = {isa = PBXFileReference; lastKnownFileType = file.storyboard; name = Base; path = Base.lproj/Main.storyboard; sourceTree = "<group>"; };
		18B4EC7E1F80CA1700D1EA58 /* Info.plist */ = {isa = PBXFileReference; lastKnownFileType = text.plist.xml; path = Info.plist; sourceTree = "<group>"; };
/* End PBXFileReference section */

/* Begin PBXFrameworksBuildPhase section */
		18B4EC6F1F80CA1700D1EA58 /* Frameworks */ = {
			isa = PBXFrameworksBuildPhase;
			buildActionMask = 2147483647;
			files = (
			);
			runOnlyForDeploymentPostprocessing = 0;
		};
/* End PBXFrameworksBuildPhase section */

/* Begin PBXGroup section */
		18B4EC691F80CA1700D1EA58 = {
			isa = PBXGroup;
			children = (
				18B4EC741F80CA1700D1EA58 /* BrowserOSx */,
				18B4EC731F80CA1700D1EA58 /* Products */,
			);
			sourceTree = "<group>";
		};
		18B4EC731F80CA1700D1EA58 /* Products */ = {
			isa = PBXGroup;
			children = (
				18B4EC721F80CA1700D1EA58 /* BrowserOSx.app */,
			);
			name = Products;
			sourceTree = "<group>";
		};
		18B4EC741F80CA1700D1EA58 /* BrowserOSx */ = {
			isa = PBXGroup;
			children = (
				18B4EC751F80CA1700D1EA58 /* AppDelegate.swift */,
				18B4EC771F80CA1700D1EA58 /* ViewController.swift */,
				18B4EC791F80CA1700D1EA58 /* Assets.xcassets */,
				18B4EC7B1F80CA1700D1EA58 /* Main.storyboard */,
				18B4EC7E1F80CA1700D1EA58 /* Info.plist */,
			);
			path = BrowserOSx;
			sourceTree = "<group>";
		};
/* End PBXGroup section */

/* Begin PBXNativeTarget section */
		18B4EC711F80CA1700D1EA58 /* BrowserOSx */ = {
			isa = PBXNativeTarget;
			buildConfigurationList = 18B4EC811F80CA1700D1EA58 /* Build configuration list for PBXNativeTarget "BrowserOSx" */;
			buildPhases = (
				18B4EC6E1F80CA1700D1EA58 /* Sources */,
				18B4EC6F1F80CA1700D1EA58 /* Frameworks */,
				18B4EC701F80CA1700D1EA58 /* Resources */,
			);
			buildRules = (
			);
			dependencies = (
			);
			name = BrowserOSx;
			productName = BrowserOSx;
			productReference = 18B4EC721F80CA1700D1EA58 /* BrowserOSx.app */;
			productType = "com.apple.product-type.application";
		};
/* End PBXNativeTarget section */

/* Begin PBXProject section */
		18B4EC6A1F80CA1700D1EA58 /* Project object */ = {
			isa = PBXProject;
			attributes = {
				LastSwiftUpdateCheck = 0800;
				LastUpgradeCheck = 0800;
				ORGANIZATIONNAME = Apple;
				TargetAttributes = {
					18B4EC711F80CA1700D1EA58 = {
						CreatedOnToolsVersion = 8.0;
						ProvisioningStyle = Automatic;
					};
				};
			};
			buildConfigurationList = 18B4EC6D1F80CA1700D1EA58 /* Build configuration list for PBXProject "BrowserOSx" */;
			compatibilityVersion = "Xcode 3.2";
			developmentRegion = English;
			hasScannedForEncodings = 0;
			knownRegions = (
				en,
				Base,
			);
			mainGroup = 18B4EC691F80CA1700D1EA58;
			productRefGroup = 18B4EC731F80CA1700D1EA58 /* Products */;
			projectDirPath = "";
			projectRoot = "";
			targets = (
				18B4EC711F80CA1700D1EA58 /* BrowserOSx */,
			);
		};
/* End PBXProject section */

/* Begin PBXResourcesBuildPhase section */
		18B4EC701F80CA1700D1EA58 /* Resources */ = {
			isa = PBXResourcesBuildPhase;
			buildActionMask = 2147483647;
			files = (
				18B4EC7A1F80CA1700D1EA58 /* Assets.xcassets in Resources */,
				18B4EC7D1F80CA1700D1EA58 /* Main.storyboard in Resources */,
			);
			runOnlyForDeploymentPostprocessing = 0;
		};
/* End PBXResourcesBuildPhase section */

/* Begin PBXSourcesBuildPhase section */
		18B4EC6E1F80CA1700D1EA58 /* Sources */ = {
			isa = PBXSourcesBuildPhase;
			buildActionMask = 2147483647;
			files = (
				18B4EC781F80CA1700D1EA58 /* ViewController.swift in Sources */,
				18B4EC761F80CA1700D1EA58 /* AppDelegate.swift in Sources */,
			);
			runOnlyForDeploymentPostprocessing = 0;
		};
/* End PBXSourcesBuildPhase section */

/* Begin PBXVariantGroup section */
		18B4EC7B1F80CA1700D1EA58 /* Main.storyboard */ = {
			isa = PBXVariantGroup;
			children = (
				18B4EC7C1F80CA1700D1EA58 /* Base */,
			);
			name = Main.storyboard;
			sourceTree = "<group>";
		};
/* End PBXVariantGroup section */

/* Begin XCBuildConfiguration section */
		18B4EC7F1F80CA1700D1EA58 /* Debug */ = {
			isa = XCBuildConfiguration;
			buildSettings = {
				ALWAYS_SEARCH_USER_PATHS = NO;
				CLANG_ANALYZER_NONNULL = YES;
				CLANG_CXX_LANGUAGE_STANDARD = "gnu++0x";
				CLANG_CXX_LIBRARY = "libc++";
				CLANG_ENABLE_MODULES = YES;
				CLANG_ENABLE_OBJC_ARC = YES;
				CLANG_WARN_BOOL_CONVERSION = YES;
				CLANG_WARN_CONSTANT_CONVERSION = YES;
				CLANG_WARN_DIRECT_OBJC_ISA_USAGE = YES_ERROR;
				CLANG_WARN_DOCUMENTATION_COMMENTS = YES;
				CLANG_WARN_EMPTY_BODY = YES;
				CLANG_WARN_ENUM_CONVERSION = YES;
				CLANG_WARN_INFINITE_RECURSION = YES;
				CLANG_WARN_INT_CONVERSION = YES;
				CLANG_WARN_OBJC_ROOT_CLASS = YES_ERROR;
				CLANG_WARN_SUSPICIOUS_MOVES = YES;
				CLANG_WARN_UNREACHABLE_CODE = YES;
				CLANG_WARN__DUPLICATE_METHOD_MATCH = YES;
				CODE_SIGN_IDENTITY = "-";
				COPY_PHASE_STRIP = NO;
				DEBUG_INFORMATION_FORMAT = dwarf;
				ENABLE_STRICT_OBJC_MSGSEND = YES;
				ENABLE_TESTABILITY = YES;
				GCC_C_LANGUAGE_STANDARD = gnu99;
				GCC_DYNAMIC_NO_PIC = NO;
				GCC_NO_COMMON_BLOCKS = YES;
				GCC_OPTIMIZATION_LEVEL = 0;
				GCC_PREPROCESSOR_DEFINITIONS = (
					"DEBUG=1",
					"$(inherited)",
				);
				GCC_WARN_64_TO_32_BIT_CONVERSION = YES;
				GCC_WARN_ABOUT_RETURN_TYPE = YES_ERROR;
				GCC_WARN_UNDECLARED_SELECTOR = YES;
				GCC_WARN_UNINITIALIZED_AUTOS = YES_AGGRESSIVE;
				GCC_WARN_UNUSED_FUNCTION = YES;
				GCC_WARN_UNUSED_VARIABLE = YES;
				MACOSX_DEPLOYMENT_TARGET = 10.12;
				MTL_ENABLE_DEBUG_INFO = YES;
				ONLY_ACTIVE_ARCH = YES;
				SDKROOT = macosx;
				SWIFT_ACTIVE_COMPILATION_CONDITIONS = DEBUG;
				SWIFT_OPTIMIZATION_LEVEL = "-Onone";
			};
			name = Debug;
		};
		18B4EC801F80CA1700D1EA58 /* Release */ = {
			isa = XCBuildConfiguration;
			buildSettings = {
				ALWAYS_SEARCH_USER_PATHS = NO;
				CLANG_ANALYZER_NONNULL = YES;
				CLANG_CXX_LANGUAGE_STANDARD = "gnu++0x";
				CLANG_CXX_LIBRARY = "libc++";
				CLANG_ENABLE_MODULES = YES;
				CLANG_ENABLE_OBJC_ARC = YES;
				CLANG_WARN_BOOL_CONVERSION = YES;
				CLANG_WARN_CONSTANT_CONVERSION = YES;
				CLANG_WARN_DIRECT_OBJC_ISA_USAGE = YES_ERROR;
				CLANG_WARN_DOCUMENTATION_COMMENTS = YES;
				CLANG_WARN_EMPTY_BODY = YES;
				CLANG_WARN_ENUM_CONVERSION = YES;
				CLANG_WARN_INFINITE_RECURSION = YES;
				CLANG_WARN_INT_CONVERSION = YES;
				CLANG_WARN_OBJC_ROOT_CLASS = YES_ERROR;
				CLANG_WARN_SUSPICIOUS_MOVES = YES;
				CLANG_WARN_UNREACHABLE_CODE = YES;
				CLANG_WARN__DUPLICATE_METHOD_MATCH = YES;
				CODE_SIGN_IDENTITY = "-";
				COPY_PHASE_STRIP = NO;
				DEBUG_INFORMATION_FORMAT = "dwarf-with-dsym";
				ENABLE_NS_ASSERTIONS = NO;
				ENABLE_STRICT_OBJC_MSGSEND = YES;
				GCC_C_LANGUAGE_STANDARD = gnu99;
				GCC_NO_COMMON_BLOCKS = YES;
				GCC_WARN_64_TO_32_BIT_CONVERSION = YES;
				GCC_WARN_ABOUT_RETURN_TYPE = YES_ERROR;
				GCC_WARN_UNDECLARED_SELECTOR = YES;
				GCC_WARN_UNINITIALIZED_AUTOS = YES_AGGRESSIVE;
				GCC_WARN_UNUSED_FUNCTION = YES;
				GCC_WARN_UNUSED_VARIABLE = YES;
				MACOSX_DEPLOYMENT_TARGET = 10.12;
				MTL_ENABLE_DEBUG_INFO = NO;
				SDKROOT = macosx;
				SWIFT_OPTIMIZATION_LEVEL = "-Owholemodule";
			};
			name = Release;
		};
		18B4EC821F80CA1700D1EA58 /* Debug */ = {
			isa = XCBuildConfiguration;
			buildSettings = {
				ASSETCATALOG_COMPILER_APPICON_NAME = AppIcon;
				COMBINE_HIDPI_IMAGES = YES;
				INFOPLIST_FILE = BrowserOSx/Info.plist;
				LD_RUNPATH_SEARCH_PATHS = "$(inherited) @executable_path/../Frameworks";
				PRODUCT_BUNDLE_IDENTIFIER = Sandeep.BrowserOSx;
				PRODUCT_NAME = "$(TARGET_NAME)";
				SWIFT_VERSION = 3.0;
			};
			name = Debug;
		};
		18B4EC831F80CA1700D1EA58 /* Release */ = {
			isa = XCBuildConfiguration;
			buildSettings = {
				ASSETCATALOG_COMPILER_APPICON_NAME = AppIcon;
				COMBINE_HIDPI_IMAGES = YES;
				INFOPLIST_FILE = BrowserOSx/Info.plist;
				LD_RUNPATH_SEARCH_PATHS = "$(inherited) @executable_path/../Frameworks";
				PRODUCT_BUNDLE_IDENTIFIER = Sandeep.BrowserOSx;
				PRODUCT_NAME = "$(TARGET_NAME)";
				SWIFT_VERSION = 3.0;
			};
			name = Release;
		};
/* End XCBuildConfiguration section */

/* Begin XCConfigurationList section */
		18B4EC6D1F80CA1700D1EA58 /* Build configuration list for PBXProject "BrowserOSx" */ = {
			isa = XCConfigurationList;
			buildConfigurations = (
				18B4EC7F1F80CA1700D1EA58 /* Debug */,
				18B4EC801F80CA1700D1EA58 /* Release */,
			);
			defaultConfigurationIsVisible = 0;
			defaultConfigurationName = Release;
		};
		18B4EC811F80CA1700D1EA58 /* Build configuration list for PBXNativeTarget "BrowserOSx" */ = {
			isa = XCConfigurationList;
			buildConfigurations = (
				18B4EC821F80CA1700D1EA58 /* Debug */,
				18B4EC831F80CA1700D1EA58 /* Release */,
			);
			defaultConfigurationIsVisible = 0;
		};
/* End XCConfigurationList section */
	};
	rootObject = 18B4EC6A1F80CA1700D1EA58 /* Project object */;
}
